
Microsoft Visual Studio Solution File, Format Version 12.00
# Visual Studio 15
VisualStudioVersion = 15.0.28307.136
MinimumVisualStudioVersion = 10.0.40219.1
Project("{9A19103F-16F7-4668-BE54-9A1E7A4F7556}") = "Demo", "Demo\Demo.csproj", "{64F86739-6BE3-49FD-BB9E-4FB0A95B785D}"
EndProject
Project("{FAE04EC0-301F-11D3-BF4B-00C04F79EFBC}") = "Api", "Api\Api.csproj", "{68A6ECF1-1949-4D0A-8D7E-28D3773F19A1}"
EndProject
Global
	GlobalSection(SolutionConfigurationPlatforms) = preSolution
		Debug|Any CPU = Debug|Any CPU
		Release|Any CPU = Release|Any CPU
	EndGlobalSection
	GlobalSection(ProjectConfigurationPlatforms) = postSolution
		{64F86739-6BE3-49FD-BB9E-4FB0A95B785D}.Debug|Any CPU.ActiveCfg = Debug|Any CPU
		{64F86739-6BE3-49FD-BB9E-4FB0A95B785D}.Debug|Any CPU.Build.0 = Debug|Any CPU
		{64F86739-6BE3-49FD-BB9E-4FB0A95B785D}.Release|Any CPU.ActiveCfg = Release|Any CPU
		{64F86739-6BE3-49FD-BB9E-4FB0A95B785D}.Release|Any CPU.Build.0 = Release|Any CPU
		{68A6ECF1-1949-4D0A-8D7E-28D3773F19A1}.Debug|Any CPU.ActiveCfg = Debug|Any CPU
		{68A6ECF1-1949-4D0A-8D7E-28D3773F19A1}.Debug|Any CPU.Build.0 = Debug|Any CPU
		{68A6ECF1-1949-4D0A-8D7E-28D3773F19A1}.Release|Any CPU.ActiveCfg = Release|Any CPU
		{68A6ECF1-1949-4D0A-8D7E-28D3773F19A1}.Release|Any CPU.Build.0 = Release|Any CPU
	EndGlobalSection
	GlobalSection(SolutionProperties) = preSolution
		HideSolutionNode = FALSE
	EndGlobalSection
	GlobalSection(ExtensibilityGlobals) = postSolution
		SolutionGuid = {A1B18040-AC7C-4D59-98EF-B5AC107E224D}
	EndGlobalSection
EndGlobal
